// !$*UTF8*$!
{
	archiveVersion = 1;
	classes = {
	};
	objectVersion = 46;
	objects = {

/* Begin PBXBuildFile section */
		2F3D3D3EDA4ED123A9A34932 /* Pods_AssureTests.framework in Frameworks */ = {isa = PBXBuildFile; fileRef = 1FBFA2F206A436D41E77C8D4 /* Pods_AssureTests.framework */; };
		3838E3F7B1EA27A2C7977B79 /* Pods_Assure.framework in Frameworks */ = {isa = PBXBuildFile; fileRef = F9E88CFF3B51ADB2D372A397 /* Pods_Assure.framework */; };
		B984323E1EAC2DE100BF3B8F /* MainVC.swift in Sources */ = {isa = PBXBuildFile; fileRef = B984323D1EAC2DE100BF3B8F /* MainVC.swift */; };
		B98432401EAC421B00BF3B8F /* GrandpaGraph.swift in Sources */ = {isa = PBXBuildFile; fileRef = B984323F1EAC421B00BF3B8F /* GrandpaGraph.swift */; };
		B98432421EACBFE300BF3B8F /* bedroomon.png in Resources */ = {isa = PBXBuildFile; fileRef = B98432411EACBFE300BF3B8F /* bedroomon.png */; };
		B98432441EACC25E00BF3B8F /* bathroomoff.png in Resources */ = {isa = PBXBuildFile; fileRef = B98432431EACC25E00BF3B8F /* bathroomoff.png */; };
		B98432461EACC28500BF3B8F /* kitchenoff.png in Resources */ = {isa = PBXBuildFile; fileRef = B98432451EACC28500BF3B8F /* kitchenoff.png */; };
		B98432481EACC2A800BF3B8F /* livingoff.png in Resources */ = {isa = PBXBuildFile; fileRef = B98432471EACC2A800BF3B8F /* livingoff.png */; };
		B984324A1EACC32300BF3B8F /* bedroomoff.png in Resources */ = {isa = PBXBuildFile; fileRef = B98432491EACC32300BF3B8F /* bedroomoff.png */; };
		B984324C1EACC35F00BF3B8F /* bathroomon.png in Resources */ = {isa = PBXBuildFile; fileRef = B984324B1EACC35F00BF3B8F /* bathroomon.png */; };
		B984324E1EACC3A900BF3B8F /* livingon.png in Resources */ = {isa = PBXBuildFile; fileRef = B984324D1EACC3A900BF3B8F /* livingon.png */; };
		B98432501EACC3EE00BF3B8F /* kitchenon.png in Resources */ = {isa = PBXBuildFile; fileRef = B984324F1EACC3EE00BF3B8F /* kitchenon.png */; };
		BB1C954D1EAC674D0068E71C /* AlertViewController.swift in Sources */ = {isa = PBXBuildFile; fileRef = BB1C954C1EAC674D0068E71C /* AlertViewController.swift */; };
		BB1C954F1EAC67630068E71C /* AlertTableViewCell.swift in Sources */ = {isa = PBXBuildFile; fileRef = BB1C954E1EAC67630068E71C /* AlertTableViewCell.swift */; };
		BBC667FA1EABEBA100555263 /* AppDelegate.swift in Sources */ = {isa = PBXBuildFile; fileRef = BBC667F91EABEBA100555263 /* AppDelegate.swift */; };
		BBC667FC1EABEBA100555263 /* ViewController.swift in Sources */ = {isa = PBXBuildFile; fileRef = BBC667FB1EABEBA100555263 /* ViewController.swift */; };
		BBC667FF1EABEBA100555263 /* Main.storyboard in Resources */ = {isa = PBXBuildFile; fileRef = BBC667FD1EABEBA100555263 /* Main.storyboard */; };
		BBC668011EABEBA100555263 /* Assets.xcassets in Resources */ = {isa = PBXBuildFile; fileRef = BBC668001EABEBA100555263 /* Assets.xcassets */; };
		BBC668041EABEBA100555263 /* LaunchScreen.storyboard in Resources */ = {isa = PBXBuildFile; fileRef = BBC668021EABEBA100555263 /* LaunchScreen.storyboard */; };
		BBC6680F1EABEBA100555263 /* AssureTests.swift in Sources */ = {isa = PBXBuildFile; fileRef = BBC6680E1EABEBA100555263 /* AssureTests.swift */; };
		BBC6681A1EABEBA100555263 /* AssureUITests.swift in Sources */ = {isa = PBXBuildFile; fileRef = BBC668191EABEBA100555263 /* AssureUITests.swift */; };
		DB1F5DED105219382555EC3D /* Pods_AssureUITests.framework in Frameworks */ = {isa = PBXBuildFile; fileRef = B866494B0613993A9FA2906E /* Pods_AssureUITests.framework */; };
/* End PBXBuildFile section */

/* Begin PBXContainerItemProxy section */
		BBC6680B1EABEBA100555263 /* PBXContainerItemProxy */ = {
			isa = PBXContainerItemProxy;
			containerPortal = BBC667EE1EABEBA100555263 /* Project object */;
			proxyType = 1;
			remoteGlobalIDString = BBC667F51EABEBA100555263;
			remoteInfo = Assure;
		};
		BBC668161EABEBA100555263 /* PBXContainerItemProxy */ = {
			isa = PBXContainerItemProxy;
			containerPortal = BBC667EE1EABEBA100555263 /* Project object */;
			proxyType = 1;
			remoteGlobalIDString = BBC667F51EABEBA100555263;
			remoteInfo = Assure;
		};
/* End PBXContainerItemProxy section */

/* Begin PBXFileReference section */
		1FBFA2F206A436D41E77C8D4 /* Pods_AssureTests.framework */ = {isa = PBXFileReference; explicitFileType = wrapper.framework; includeInIndex = 0; path = Pods_AssureTests.framework; sourceTree = BUILT_PRODUCTS_DIR; };
		338E984B6417EBFAADAA88B1 /* Pods-AssureTests.release.xcconfig */ = {isa = PBXFileReference; includeInIndex = 1; lastKnownFileType = text.xcconfig; name = "Pods-AssureTests.release.xcconfig"; path = "Pods/Target Support Files/Pods-AssureTests/Pods-AssureTests.release.xcconfig"; sourceTree = "<group>"; };
		36078D60D7E054163578C68F /* Pods-AssureUITests.release.xcconfig */ = {isa = PBXFileReference; includeInIndex = 1; lastKnownFileType = text.xcconfig; name = "Pods-AssureUITests.release.xcconfig"; path = "Pods/Target Support Files/Pods-AssureUITests/Pods-AssureUITests.release.xcconfig"; sourceTree = "<group>"; };
		37FA343820FD2DB49E2F08C5 /* Pods-Assure.debug.xcconfig */ = {isa = PBXFileReference; includeInIndex = 1; lastKnownFileType = text.xcconfig; name = "Pods-Assure.debug.xcconfig"; path = "Pods/Target Support Files/Pods-Assure/Pods-Assure.debug.xcconfig"; sourceTree = "<group>"; };
		4EA7B788A3B5EDB51572E9AA /* Pods-AssureUITests.debug.xcconfig */ = {isa = PBXFileReference; includeInIndex = 1; lastKnownFileType = text.xcconfig; name = "Pods-AssureUITests.debug.xcconfig"; path = "Pods/Target Support Files/Pods-AssureUITests/Pods-AssureUITests.debug.xcconfig"; sourceTree = "<group>"; };
		9F450090AE91877E1051ADCF /* Pods-AssureTests.debug.xcconfig */ = {isa = PBXFileReference; includeInIndex = 1; lastKnownFileType = text.xcconfig; name = "Pods-AssureTests.debug.xcconfig"; path = "Pods/Target Support Files/Pods-AssureTests/Pods-AssureTests.debug.xcconfig"; sourceTree = "<group>"; };
		B866494B0613993A9FA2906E /* Pods_AssureUITests.framework */ = {isa = PBXFileReference; explicitFileType = wrapper.framework; includeInIndex = 0; path = Pods_AssureUITests.framework; sourceTree = BUILT_PRODUCTS_DIR; };
		B984323D1EAC2DE100BF3B8F /* MainVC.swift */ = {isa = PBXFileReference; fileEncoding = 4; lastKnownFileType = sourcecode.swift; path = MainVC.swift; sourceTree = "<group>"; };
		B984323F1EAC421B00BF3B8F /* GrandpaGraph.swift */ = {isa = PBXFileReference; fileEncoding = 4; lastKnownFileType = sourcecode.swift; path = GrandpaGraph.swift; sourceTree = "<group>"; };
		B98432411EACBFE300BF3B8F /* bedroomon.png */ = {isa = PBXFileReference; lastKnownFileType = image.png; path = bedroomon.png; sourceTree = "<group>"; };
		B98432431EACC25E00BF3B8F /* bathroomoff.png */ = {isa = PBXFileReference; lastKnownFileType = image.png; path = bathroomoff.png; sourceTree = "<group>"; };
		B98432451EACC28500BF3B8F /* kitchenoff.png */ = {isa = PBXFileReference; lastKnownFileType = image.png; path = kitchenoff.png; sourceTree = "<group>"; };
		B98432471EACC2A800BF3B8F /* livingoff.png */ = {isa = PBXFileReference; lastKnownFileType = image.png; path = livingoff.png; sourceTree = "<group>"; };
		B98432491EACC32300BF3B8F /* bedroomoff.png */ = {isa = PBXFileReference; lastKnownFileType = image.png; path = bedroomoff.png; sourceTree = "<group>"; };
		B984324B1EACC35F00BF3B8F /* bathroomon.png */ = {isa = PBXFileReference; lastKnownFileType = image.png; path = bathroomon.png; sourceTree = "<group>"; };
		B984324D1EACC3A900BF3B8F /* livingon.png */ = {isa = PBXFileReference; lastKnownFileType = image.png; path = livingon.png; sourceTree = "<group>"; };
		B984324F1EACC3EE00BF3B8F /* kitchenon.png */ = {isa = PBXFileReference; lastKnownFileType = image.png; path = kitchenon.png; sourceTree = "<group>"; };
		BB1C954C1EAC674D0068E71C /* AlertViewController.swift */ = {isa = PBXFileReference; fileEncoding = 4; lastKnownFileType = sourcecode.swift; path = AlertViewController.swift; sourceTree = "<group>"; };
		BB1C954E1EAC67630068E71C /* AlertTableViewCell.swift */ = {isa = PBXFileReference; fileEncoding = 4; lastKnownFileType = sourcecode.swift; path = AlertTableViewCell.swift; sourceTree = "<group>"; };
		BBC667F61EABEBA100555263 /* Assure.app */ = {isa = PBXFileReference; explicitFileType = wrapper.application; includeInIndex = 0; path = Assure.app; sourceTree = BUILT_PRODUCTS_DIR; };
		BBC667F91EABEBA100555263 /* AppDelegate.swift */ = {isa = PBXFileReference; lastKnownFileType = sourcecode.swift; path = AppDelegate.swift; sourceTree = "<group>"; };
		BBC667FB1EABEBA100555263 /* ViewController.swift */ = {isa = PBXFileReference; lastKnownFileType = sourcecode.swift; path = ViewController.swift; sourceTree = "<group>"; };
		BBC667FE1EABEBA100555263 /* Base */ = {isa = PBXFileReference; lastKnownFileType = file.storyboard; name = Base; path = Base.lproj/Main.storyboard; sourceTree = "<group>"; };
		BBC668001EABEBA100555263 /* Assets.xcassets */ = {isa = PBXFileReference; lastKnownFileType = folder.assetcatalog; path = Assets.xcassets; sourceTree = "<group>"; };
		BBC668031EABEBA100555263 /* Base */ = {isa = PBXFileReference; lastKnownFileType = file.storyboard; name = Base; path = Base.lproj/LaunchScreen.storyboard; sourceTree = "<group>"; };
		BBC668051EABEBA100555263 /* Info.plist */ = {isa = PBXFileReference; lastKnownFileType = text.plist.xml; path = Info.plist; sourceTree = "<group>"; };
		BBC6680A1EABEBA100555263 /* AssureTests.xctest */ = {isa = PBXFileReference; explicitFileType = wrapper.cfbundle; includeInIndex = 0; path = AssureTests.xctest; sourceTree = BUILT_PRODUCTS_DIR; };
		BBC6680E1EABEBA100555263 /* AssureTests.swift */ = {isa = PBXFileReference; lastKnownFileType = sourcecode.swift; path = AssureTests.swift; sourceTree = "<group>"; };
		BBC668101EABEBA100555263 /* Info.plist */ = {isa = PBXFileReference; lastKnownFileType = text.plist.xml; path = Info.plist; sourceTree = "<group>"; };
		BBC668151EABEBA100555263 /* AssureUITests.xctest */ = {isa = PBXFileReference; explicitFileType = wrapper.cfbundle; includeInIndex = 0; path = AssureUITests.xctest; sourceTree = BUILT_PRODUCTS_DIR; };
		BBC668191EABEBA100555263 /* AssureUITests.swift */ = {isa = PBXFileReference; lastKnownFileType = sourcecode.swift; path = AssureUITests.swift; sourceTree = "<group>"; };
		BBC6681B1EABEBA100555263 /* Info.plist */ = {isa = PBXFileReference; lastKnownFileType = text.plist.xml; path = Info.plist; sourceTree = "<group>"; };
		BEF9469452FF99308C24791B /* Pods-Assure.release.xcconfig */ = {isa = PBXFileReference; includeInIndex = 1; lastKnownFileType = text.xcconfig; name = "Pods-Assure.release.xcconfig"; path = "Pods/Target Support Files/Pods-Assure/Pods-Assure.release.xcconfig"; sourceTree = "<group>"; };
		F9E88CFF3B51ADB2D372A397 /* Pods_Assure.framework */ = {isa = PBXFileReference; explicitFileType = wrapper.framework; includeInIndex = 0; path = Pods_Assure.framework; sourceTree = BUILT_PRODUCTS_DIR; };
/* End PBXFileReference section */

/* Begin PBXFrameworksBuildPhase section */
		BBC667F31EABEBA100555263 /* Frameworks */ = {
			isa = PBXFrameworksBuildPhase;
			buildActionMask = 2147483647;
			files = (
				3838E3F7B1EA27A2C7977B79 /* Pods_Assure.framework in Frameworks */,
			);
			runOnlyForDeploymentPostprocessing = 0;
		};
		BBC668071EABEBA100555263 /* Frameworks */ = {
			isa = PBXFrameworksBuildPhase;
			buildActionMask = 2147483647;
			files = (
				2F3D3D3EDA4ED123A9A34932 /* Pods_AssureTests.framework in Frameworks */,
			);
			runOnlyForDeploymentPostprocessing = 0;
		};
		BBC668121EABEBA100555263 /* Frameworks */ = {
			isa = PBXFrameworksBuildPhase;
			buildActionMask = 2147483647;
			files = (
				DB1F5DED105219382555EC3D /* Pods_AssureUITests.framework in Frameworks */,
			);
			runOnlyForDeploymentPostprocessing = 0;
		};
/* End PBXFrameworksBuildPhase section */

/* Begin PBXGroup section */
		5130792AC6C7BD5E233B1C21 /* Frameworks */ = {
			isa = PBXGroup;
			children = (
				F9E88CFF3B51ADB2D372A397 /* Pods_Assure.framework */,
				1FBFA2F206A436D41E77C8D4 /* Pods_AssureTests.framework */,
				B866494B0613993A9FA2906E /* Pods_AssureUITests.framework */,
			);
			name = Frameworks;
			sourceTree = "<group>";
		};
		9778850DAB5C9A5B6392694D /* Pods */ = {
			isa = PBXGroup;
			children = (
				37FA343820FD2DB49E2F08C5 /* Pods-Assure.debug.xcconfig */,
				BEF9469452FF99308C24791B /* Pods-Assure.release.xcconfig */,
				9F450090AE91877E1051ADCF /* Pods-AssureTests.debug.xcconfig */,
				338E984B6417EBFAADAA88B1 /* Pods-AssureTests.release.xcconfig */,
				4EA7B788A3B5EDB51572E9AA /* Pods-AssureUITests.debug.xcconfig */,
				36078D60D7E054163578C68F /* Pods-AssureUITests.release.xcconfig */,
			);
			name = Pods;
			sourceTree = "<group>";
		};
		B98432511EACC51900BF3B8F /* Images */ = {
			isa = PBXGroup;
			children = (
				B98432411EACBFE300BF3B8F /* bedroomon.png */,
				B98432491EACC32300BF3B8F /* bedroomoff.png */,
				B98432431EACC25E00BF3B8F /* bathroomoff.png */,
				B984324B1EACC35F00BF3B8F /* bathroomon.png */,
				B98432451EACC28500BF3B8F /* kitchenoff.png */,
				B984324F1EACC3EE00BF3B8F /* kitchenon.png */,
				B98432471EACC2A800BF3B8F /* livingoff.png */,
				B984324D1EACC3A900BF3B8F /* livingon.png */,
			);
			name = Images;
			sourceTree = "<group>";
		};
		BBC667ED1EABEBA100555263 = {
			isa = PBXGroup;
			children = (
				BBC667F81EABEBA100555263 /* Assure */,
				BBC6680D1EABEBA100555263 /* AssureTests */,
				BBC668181EABEBA100555263 /* AssureUITests */,
				BBC667F71EABEBA100555263 /* Products */,
				9778850DAB5C9A5B6392694D /* Pods */,
				5130792AC6C7BD5E233B1C21 /* Frameworks */,
			);
			sourceTree = "<group>";
		};
		BBC667F71EABEBA100555263 /* Products */ = {
			isa = PBXGroup;
			children = (
				BBC667F61EABEBA100555263 /* Assure.app */,
				BBC6680A1EABEBA100555263 /* AssureTests.xctest */,
				BBC668151EABEBA100555263 /* AssureUITests.xctest */,
			);
			name = Products;
			sourceTree = "<group>";
		};
		BBC667F81EABEBA100555263 /* Assure */ = {
			isa = PBXGroup;
			children = (
				BBC667F91EABEBA100555263 /* AppDelegate.swift */,
				BBC667FB1EABEBA100555263 /* ViewController.swift */,
				B984323D1EAC2DE100BF3B8F /* MainVC.swift */,
				B984323F1EAC421B00BF3B8F /* GrandpaGraph.swift */,
				BB1C954C1EAC674D0068E71C /* AlertViewController.swift */,
				BB1C954E1EAC67630068E71C /* AlertTableViewCell.swift */,
				BBC667FD1EABEBA100555263 /* Main.storyboard */,
				B98432511EACC51900BF3B8F /* Images */,
				BBC668001EABEBA100555263 /* Assets.xcassets */,
				BBC668021EABEBA100555263 /* LaunchScreen.storyboard */,
				BBC668051EABEBA100555263 /* Info.plist */,
			);
			path = Assure;
			sourceTree = "<group>";
		};
		BBC6680D1EABEBA100555263 /* AssureTests */ = {
			isa = PBXGroup;
			children = (
				BBC6680E1EABEBA100555263 /* AssureTests.swift */,
				BBC668101EABEBA100555263 /* Info.plist */,
			);
			path = AssureTests;
			sourceTree = "<group>";
		};
		BBC668181EABEBA100555263 /* AssureUITests */ = {
			isa = PBXGroup;
			children = (
				BBC668191EABEBA100555263 /* AssureUITests.swift */,
				BBC6681B1EABEBA100555263 /* Info.plist */,
			);
			path = AssureUITests;
			sourceTree = "<group>";
		};
/* End PBXGroup section */

/* Begin PBXNativeTarget section */
		BBC667F51EABEBA100555263 /* Assure */ = {
			isa = PBXNativeTarget;
			buildConfigurationList = BBC6681E1EABEBA100555263 /* Build configuration list for PBXNativeTarget "Assure" */;
			buildPhases = (
				9BDC47A1D06FD0B2F70015C2 /* [CP] Check Pods Manifest.lock */,
				BBC667F21EABEBA100555263 /* Sources */,
				BBC667F31EABEBA100555263 /* Frameworks */,
				BBC667F41EABEBA100555263 /* Resources */,
				192160B49B056B9FAFFF9143 /* [CP] Embed Pods Frameworks */,
				D645CE32BB05EE1BFE986667 /* [CP] Copy Pods Resources */,
			);
			buildRules = (
			);
			dependencies = (
			);
			name = Assure;
			productName = Assure;
			productReference = BBC667F61EABEBA100555263 /* Assure.app */;
			productType = "com.apple.product-type.application";
		};
		BBC668091EABEBA100555263 /* AssureTests */ = {
			isa = PBXNativeTarget;
			buildConfigurationList = BBC668211EABEBA100555263 /* Build configuration list for PBXNativeTarget "AssureTests" */;
			buildPhases = (
				865C95881AD6923FB0308C02 /* [CP] Check Pods Manifest.lock */,
				BBC668061EABEBA100555263 /* Sources */,
				BBC668071EABEBA100555263 /* Frameworks */,
				BBC668081EABEBA100555263 /* Resources */,
				1F1EABD0EB8C94BD30527EEC /* [CP] Embed Pods Frameworks */,
				76D3EFF3CD085B8F7C888505 /* [CP] Copy Pods Resources */,
			);
			buildRules = (
			);
			dependencies = (
				BBC6680C1EABEBA100555263 /* PBXTargetDependency */,
			);
			name = AssureTests;
			productName = AssureTests;
			productReference = BBC6680A1EABEBA100555263 /* AssureTests.xctest */;
			productType = "com.apple.product-type.bundle.unit-test";
		};
		BBC668141EABEBA100555263 /* AssureUITests */ = {
			isa = PBXNativeTarget;
			buildConfigurationList = BBC668241EABEBA100555263 /* Build configuration list for PBXNativeTarget "AssureUITests" */;
			buildPhases = (
				D614FD42B02BDF70256F3C5C /* [CP] Check Pods Manifest.lock */,
				BBC668111EABEBA100555263 /* Sources */,
				BBC668121EABEBA100555263 /* Frameworks */,
				BBC668131EABEBA100555263 /* Resources */,
				F6640BE7B14E43C73D81BEB7 /* [CP] Embed Pods Frameworks */,
				AF66610622CDD2B3081E1E09 /* [CP] Copy Pods Resources */,
			);
			buildRules = (
			);
			dependencies = (
				BBC668171EABEBA100555263 /* PBXTargetDependency */,
			);
			name = AssureUITests;
			productName = AssureUITests;
			productReference = BBC668151EABEBA100555263 /* AssureUITests.xctest */;
			productType = "com.apple.product-type.bundle.ui-testing";
		};
/* End PBXNativeTarget section */

/* Begin PBXProject section */
		BBC667EE1EABEBA100555263 /* Project object */ = {
			isa = PBXProject;
			attributes = {
				LastSwiftUpdateCheck = 0830;
				LastUpgradeCheck = 0830;
				ORGANIZATIONNAME = "Avery Lamp";
				TargetAttributes = {
					BBC667F51EABEBA100555263 = {
						CreatedOnToolsVersion = 8.3.2;
						DevelopmentTeam = F29E8CU7JT;
						ProvisioningStyle = Automatic;
					};
					BBC668091EABEBA100555263 = {
						CreatedOnToolsVersion = 8.3.2;
						DevelopmentTeam = R4DQ2L3FBV;
						ProvisioningStyle = Automatic;
						TestTargetID = BBC667F51EABEBA100555263;
					};
					BBC668141EABEBA100555263 = {
						CreatedOnToolsVersion = 8.3.2;
						DevelopmentTeam = R4DQ2L3FBV;
						ProvisioningStyle = Automatic;
						TestTargetID = BBC667F51EABEBA100555263;
					};
				};
			};
			buildConfigurationList = BBC667F11EABEBA100555263 /* Build configuration list for PBXProject "Assure" */;
			compatibilityVersion = "Xcode 3.2";
			developmentRegion = English;
			hasScannedForEncodings = 0;
			knownRegions = (
				en,
				Base,
			);
			mainGroup = BBC667ED1EABEBA100555263;
			productRefGroup = BBC667F71EABEBA100555263 /* Products */;
			projectDirPath = "";
			projectRoot = "";
			targets = (
				BBC667F51EABEBA100555263 /* Assure */,
				BBC668091EABEBA100555263 /* AssureTests */,
				BBC668141EABEBA100555263 /* AssureUITests */,
			);
		};
/* End PBXProject section */

/* Begin PBXResourcesBuildPhase section */
		BBC667F41EABEBA100555263 /* Resources */ = {
			isa = PBXResourcesBuildPhase;
			buildActionMask = 2147483647;
			files = (
				B98432461EACC28500BF3B8F /* kitchenoff.png in Resources */,
				B984324E1EACC3A900BF3B8F /* livingon.png in Resources */,
				BBC668041EABEBA100555263 /* LaunchScreen.storyboard in Resources */,
				B98432421EACBFE300BF3B8F /* bedroomon.png in Resources */,
				B98432441EACC25E00BF3B8F /* bathroomoff.png in Resources */,
				B98432501EACC3EE00BF3B8F /* kitchenon.png in Resources */,
				B984324C1EACC35F00BF3B8F /* bathroomon.png in Resources */,
				B984324A1EACC32300BF3B8F /* bedroomoff.png in Resources */,
				BBC668011EABEBA100555263 /* Assets.xcassets in Resources */,
				B98432481EACC2A800BF3B8F /* livingoff.png in Resources */,
				BBC667FF1EABEBA100555263 /* Main.storyboard in Resources */,
			);
			runOnlyForDeploymentPostprocessing = 0;
		};
		BBC668081EABEBA100555263 /* Resources */ = {
			isa = PBXResourcesBuildPhase;
			buildActionMask = 2147483647;
			files = (
			);
			runOnlyForDeploymentPostprocessing = 0;
		};
		BBC668131EABEBA100555263 /* Resources */ = {
			isa = PBXResourcesBuildPhase;
			buildActionMask = 2147483647;
			files = (
			);
			runOnlyForDeploymentPostprocessing = 0;
		};
/* End PBXResourcesBuildPhase section */

/* Begin PBXShellScriptBuildPhase section */
		192160B49B056B9FAFFF9143 /* [CP] Embed Pods Frameworks */ = {
			isa = PBXShellScriptBuildPhase;
			buildActionMask = 2147483647;
			files = (
			);
			inputPaths = (
			);
			name = "[CP] Embed Pods Frameworks";
			outputPaths = (
			);
			runOnlyForDeploymentPostprocessing = 0;
			shellPath = /bin/sh;
			shellScript = "\"${SRCROOT}/Pods/Target Support Files/Pods-Assure/Pods-Assure-frameworks.sh\"\n";
			showEnvVarsInLog = 0;
		};
		1F1EABD0EB8C94BD30527EEC /* [CP] Embed Pods Frameworks */ = {
			isa = PBXShellScriptBuildPhase;
			buildActionMask = 2147483647;
			files = (
			);
			inputPaths = (
			);
			name = "[CP] Embed Pods Frameworks";
			outputPaths = (
			);
			runOnlyForDeploymentPostprocessing = 0;
			shellPath = /bin/sh;
			shellScript = "\"${SRCROOT}/Pods/Target Support Files/Pods-AssureTests/Pods-AssureTests-frameworks.sh\"\n";
			showEnvVarsInLog = 0;
		};
		76D3EFF3CD085B8F7C888505 /* [CP] Copy Pods Resources */ = {
			isa = PBXShellScriptBuildPhase;
			buildActionMask = 2147483647;
			files = (
			);
			inputPaths = (
			);
			name = "[CP] Copy Pods Resources";
			outputPaths = (
			);
			runOnlyForDeploymentPostprocessing = 0;
			shellPath = /bin/sh;
			shellScript = "\"${SRCROOT}/Pods/Target Support Files/Pods-AssureTests/Pods-AssureTests-resources.sh\"\n";
			showEnvVarsInLog = 0;
		};
		865C95881AD6923FB0308C02 /* [CP] Check Pods Manifest.lock */ = {
			isa = PBXShellScriptBuildPhase;
			buildActionMask = 2147483647;
			files = (
			);
			inputPaths = (
			);
			name = "[CP] Check Pods Manifest.lock";
			outputPaths = (
			);
			runOnlyForDeploymentPostprocessing = 0;
			shellPath = /bin/sh;
			shellScript = "diff \"${PODS_PODFILE_DIR_PATH}/Podfile.lock\" \"${PODS_ROOT}/Manifest.lock\" > /dev/null\nif [ $? != 0 ] ; then\n    # print error to STDERR\n    echo \"error: The sandbox is not in sync with the Podfile.lock. Run 'pod install' or update your CocoaPods installation.\" >&2\n    exit 1\nfi\n";
			showEnvVarsInLog = 0;
		};
		9BDC47A1D06FD0B2F70015C2 /* [CP] Check Pods Manifest.lock */ = {
			isa = PBXShellScriptBuildPhase;
			buildActionMask = 2147483647;
			files = (
			);
			inputPaths = (
			);
			name = "[CP] Check Pods Manifest.lock";
			outputPaths = (
			);
			runOnlyForDeploymentPostprocessing = 0;
			shellPath = /bin/sh;
			shellScript = "diff \"${PODS_PODFILE_DIR_PATH}/Podfile.lock\" \"${PODS_ROOT}/Manifest.lock\" > /dev/null\nif [ $? != 0 ] ; then\n    # print error to STDERR\n    echo \"error: The sandbox is not in sync with the Podfile.lock. Run 'pod install' or update your CocoaPods installation.\" >&2\n    exit 1\nfi\n";
			showEnvVarsInLog = 0;
		};
		AF66610622CDD2B3081E1E09 /* [CP] Copy Pods Resources */ = {
			isa = PBXShellScriptBuildPhase;
			buildActionMask = 2147483647;
			files = (
			);
			inputPaths = (
			);
			name = "[CP] Copy Pods Resources";
			outputPaths = (
			);
			runOnlyForDeploymentPostprocessing = 0;
			shellPath = /bin/sh;
			shellScript = "\"${SRCROOT}/Pods/Target Support Files/Pods-AssureUITests/Pods-AssureUITests-resources.sh\"\n";
			showEnvVarsInLog = 0;
		};
		D614FD42B02BDF70256F3C5C /* [CP] Check Pods Manifest.lock */ = {
			isa = PBXShellScriptBuildPhase;
			buildActionMask = 2147483647;
			files = (
			);
			inputPaths = (
			);
			name = "[CP] Check Pods Manifest.lock";
			outputPaths = (
			);
			runOnlyForDeploymentPostprocessing = 0;
			shellPath = /bin/sh;
			shellScript = "diff \"${PODS_PODFILE_DIR_PATH}/Podfile.lock\" \"${PODS_ROOT}/Manifest.lock\" > /dev/null\nif [ $? != 0 ] ; then\n    # print error to STDERR\n    echo \"error: The sandbox is not in sync with the Podfile.lock. Run 'pod install' or update your CocoaPods installation.\" >&2\n    exit 1\nfi\n";
			showEnvVarsInLog = 0;
		};
		D645CE32BB05EE1BFE986667 /* [CP] Copy Pods Resources */ = {
			isa = PBXShellScriptBuildPhase;
			buildActionMask = 2147483647;
			files = (
			);
			inputPaths = (
			);
			name = "[CP] Copy Pods Resources";
			outputPaths = (
			);
			runOnlyForDeploymentPostprocessing = 0;
			shellPath = /bin/sh;
			shellScript = "\"${SRCROOT}/Pods/Target Support Files/Pods-Assure/Pods-Assure-resources.sh\"\n";
			showEnvVarsInLog = 0;
		};
		F6640BE7B14E43C73D81BEB7 /* [CP] Embed Pods Frameworks */ = {
			isa = PBXShellScriptBuildPhase;
			buildActionMask = 2147483647;
			files = (
			);
			inputPaths = (
			);
			name = "[CP] Embed Pods Frameworks";
			outputPaths = (
			);
			runOnlyForDeploymentPostprocessing = 0;
			shellPath = /bin/sh;
			shellScript = "\"${SRCROOT}/Pods/Target Support Files/Pods-AssureUITests/Pods-AssureUITests-frameworks.sh\"\n";
			showEnvVarsInLog = 0;
		};
/* End PBXShellScriptBuildPhase section */

/* Begin PBXSourcesBuildPhase section */
		BBC667F21EABEBA100555263 /* Sources */ = {
			isa = PBXSourcesBuildPhase;
			buildActionMask = 2147483647;
			files = (
				BB1C954F1EAC67630068E71C /* AlertTableViewCell.swift in Sources */,
				B98432401EAC421B00BF3B8F /* GrandpaGraph.swift in Sources */,
				BBC667FC1EABEBA100555263 /* ViewController.swift in Sources */,
				B984323E1EAC2DE100BF3B8F /* MainVC.swift in Sources */,
				BB1C954D1EAC674D0068E71C /* AlertViewController.swift in Sources */,
				BBC667FA1EABEBA100555263 /* AppDelegate.swift in Sources */,
			);
			runOnlyForDeploymentPostprocessing = 0;
		};
		BBC668061EABEBA100555263 /* Sources */ = {
			isa = PBXSourcesBuildPhase;
			buildActionMask = 2147483647;
			files = (
				BBC6680F1EABEBA100555263 /* AssureTests.swift in Sources */,
			);
			runOnlyForDeploymentPostprocessing = 0;
		};
		BBC668111EABEBA100555263 /* Sources */ = {
			isa = PBXSourcesBuildPhase;
			buildActionMask = 2147483647;
			files = (
				BBC6681A1EABEBA100555263 /* AssureUITests.swift in Sources */,
			);
			runOnlyForDeploymentPostprocessing = 0;
		};
/* End PBXSourcesBuildPhase section */

/* Begin PBXTargetDependency section */
		BBC6680C1EABEBA100555263 /* PBXTargetDependency */ = {
			isa = PBXTargetDependency;
			target = BBC667F51EABEBA100555263 /* Assure */;
			targetProxy = BBC6680B1EABEBA100555263 /* PBXContainerItemProxy */;
		};
		BBC668171EABEBA100555263 /* PBXTargetDependency */ = {
			isa = PBXTargetDependency;
			target = BBC667F51EABEBA100555263 /* Assure */;
			targetProxy = BBC668161EABEBA100555263 /* PBXContainerItemProxy */;
		};
/* End PBXTargetDependency section */

/* Begin PBXVariantGroup section */
		BBC667FD1EABEBA100555263 /* Main.storyboard */ = {
			isa = PBXVariantGroup;
			children = (
				BBC667FE1EABEBA100555263 /* Base */,
			);
			name = Main.storyboard;
			sourceTree = "<group>";
		};
		BBC668021EABEBA100555263 /* LaunchScreen.storyboard */ = {
			isa = PBXVariantGroup;
			children = (
				BBC668031EABEBA100555263 /* Base */,
			);
			name = LaunchScreen.storyboard;
			sourceTree = "<group>";
		};
/* End PBXVariantGroup section */

/* Begin XCBuildConfiguration section */
		BBC6681C1EABEBA100555263 /* Debug */ = {
			isa = XCBuildConfiguration;
			buildSettings = {
				ALWAYS_SEARCH_USER_PATHS = NO;
				CLANG_ANALYZER_NONNULL = YES;
				CLANG_ANALYZER_NUMBER_OBJECT_CONVERSION = YES_AGGRESSIVE;
				CLANG_CXX_LANGUAGE_STANDARD = "gnu++0x";
				CLANG_CXX_LIBRARY = "libc++";
				CLANG_ENABLE_MODULES = YES;
				CLANG_ENABLE_OBJC_ARC = YES;
				CLANG_WARN_BOOL_CONVERSION = YES;
				CLANG_WARN_CONSTANT_CONVERSION = YES;
				CLANG_WARN_DIRECT_OBJC_ISA_USAGE = YES_ERROR;
				CLANG_WARN_DOCUMENTATION_COMMENTS = YES;
				CLANG_WARN_EMPTY_BODY = YES;
				CLANG_WARN_ENUM_CONVERSION = YES;
				CLANG_WARN_INFINITE_RECURSION = YES;
				CLANG_WARN_INT_CONVERSION = YES;
				CLANG_WARN_OBJC_ROOT_CLASS = YES_ERROR;
				CLANG_WARN_SUSPICIOUS_MOVE = YES;
				CLANG_WARN_UNREACHABLE_CODE = YES;
				CLANG_WARN__DUPLICATE_METHOD_MATCH = YES;
				"CODE_SIGN_IDENTITY[sdk=iphoneos*]" = "iPhone Developer";
				COPY_PHASE_STRIP = NO;
				DEBUG_INFORMATION_FORMAT = dwarf;
				ENABLE_STRICT_OBJC_MSGSEND = YES;
				ENABLE_TESTABILITY = YES;
				GCC_C_LANGUAGE_STANDARD = gnu99;
				GCC_DYNAMIC_NO_PIC = NO;
				GCC_NO_COMMON_BLOCKS = YES;
				GCC_OPTIMIZATION_LEVEL = 0;
				GCC_PREPROCESSOR_DEFINITIONS = (
					"DEBUG=1",
					"$(inherited)",
				);
				GCC_WARN_64_TO_32_BIT_CONVERSION = YES;
				GCC_WARN_ABOUT_RETURN_TYPE = YES_ERROR;
				GCC_WARN_UNDECLARED_SELECTOR = YES;
				GCC_WARN_UNINITIALIZED_AUTOS = YES_AGGRESSIVE;
				GCC_WARN_UNUSED_FUNCTION = YES;
				GCC_WARN_UNUSED_VARIABLE = YES;
				IPHONEOS_DEPLOYMENT_TARGET = 10.3;
				MTL_ENABLE_DEBUG_INFO = YES;
				ONLY_ACTIVE_ARCH = YES;
				SDKROOT = iphoneos;
				SWIFT_ACTIVE_COMPILATION_CONDITIONS = DEBUG;
				SWIFT_OPTIMIZATION_LEVEL = "-Onone";
			};
			name = Debug;
		};
		BBC6681D1EABEBA100555263 /* Release */ = {
			isa = XCBuildConfiguration;
			buildSettings = {
				ALWAYS_SEARCH_USER_PATHS = NO;
				CLANG_ANALYZER_NONNULL = YES;
				CLANG_ANALYZER_NUMBER_OBJECT_CONVERSION = YES_AGGRESSIVE;
				CLANG_CXX_LANGUAGE_STANDARD = "gnu++0x";
				CLANG_CXX_LIBRARY = "libc++";
				CLANG_ENABLE_MODULES = YES;
				CLANG_ENABLE_OBJC_ARC = YES;
				CLANG_WARN_BOOL_CONVERSION = YES;
				CLANG_WARN_CONSTANT_CONVERSION = YES;
				CLANG_WARN_DIRECT_OBJC_ISA_USAGE = YES_ERROR;
				CLANG_WARN_DOCUMENTATION_COMMENTS = YES;
				CLANG_WARN_EMPTY_BODY = YES;
				CLANG_WARN_ENUM_CONVERSION = YES;
				CLANG_WARN_INFINITE_RECURSION = YES;
				CLANG_WARN_INT_CONVERSION = YES;
				CLANG_WARN_OBJC_ROOT_CLASS = YES_ERROR;
				CLANG_WARN_SUSPICIOUS_MOVE = YES;
				CLANG_WARN_UNREACHABLE_CODE = YES;
				CLANG_WARN__DUPLICATE_METHOD_MATCH = YES;
				"CODE_SIGN_IDENTITY[sdk=iphoneos*]" = "iPhone Developer";
				COPY_PHASE_STRIP = NO;
				DEBUG_INFORMATION_FORMAT = "dwarf-with-dsym";
				ENABLE_NS_ASSERTIONS = NO;
				ENABLE_STRICT_OBJC_MSGSEND = YES;
				GCC_C_LANGUAGE_STANDARD = gnu99;
				GCC_NO_COMMON_BLOCKS = YES;
				GCC_WARN_64_TO_32_BIT_CONVERSION = YES;
				GCC_WARN_ABOUT_RETURN_TYPE = YES_ERROR;
				GCC_WARN_UNDECLARED_SELECTOR = YES;
				GCC_WARN_UNINITIALIZED_AUTOS = YES_AGGRESSIVE;
				GCC_WARN_UNUSED_FUNCTION = YES;
				GCC_WARN_UNUSED_VARIABLE = YES;
				IPHONEOS_DEPLOYMENT_TARGET = 10.3;
				MTL_ENABLE_DEBUG_INFO = NO;
				SDKROOT = iphoneos;
				SWIFT_OPTIMIZATION_LEVEL = "-Owholemodule";
				VALIDATE_PRODUCT = YES;
			};
			name = Release;
		};
		BBC6681F1EABEBA100555263 /* Debug */ = {
			isa = XCBuildConfiguration;
			baseConfigurationReference = 37FA343820FD2DB49E2F08C5 /* Pods-Assure.debug.xcconfig */;
			buildSettings = {
				ASSETCATALOG_COMPILER_APPICON_NAME = AppIcon;
				DEVELOPMENT_TEAM = F29E8CU7JT;
				INFOPLIST_FILE = Assure/Info.plist;
				LD_RUNPATH_SEARCH_PATHS = "$(inherited) @executable_path/Frameworks";
				PRODUCT_BUNDLE_IDENTIFIER = com.Isometric.Assure;
				PRODUCT_NAME = "$(TARGET_NAME)";
				SWIFT_VERSION = 3.0;
			};
			name = Debug;
		};
		BBC668201EABEBA100555263 /* Release */ = {
			isa = XCBuildConfiguration;
			baseConfigurationReference = BEF9469452FF99308C24791B /* Pods-Assure.release.xcconfig */;
			buildSettings = {
				ASSETCATALOG_COMPILER_APPICON_NAME = AppIcon;
				DEVELOPMENT_TEAM = F29E8CU7JT;
				INFOPLIST_FILE = Assure/Info.plist;
				LD_RUNPATH_SEARCH_PATHS = "$(inherited) @executable_path/Frameworks";
				PRODUCT_BUNDLE_IDENTIFIER = com.Isometric.Assure;
				PRODUCT_NAME = "$(TARGET_NAME)";
				SWIFT_VERSION = 3.0;
			};
			name = Release;
		};
		BBC668221EABEBA100555263 /* Debug */ = {
			isa = XCBuildConfiguration;
			baseConfigurationReference = 9F450090AE91877E1051ADCF /* Pods-AssureTests.debug.xcconfig */;
			buildSettings = {
				ALWAYS_EMBED_SWIFT_STANDARD_LIBRARIES = YES;
				BUNDLE_LOADER = "$(TEST_HOST)";
				DEVELOPMENT_TEAM = R4DQ2L3FBV;
				INFOPLIST_FILE = AssureTests/Info.plist;
				LD_RUNPATH_SEARCH_PATHS = "$(inherited) @executable_path/Frameworks @loader_path/Frameworks";
				PRODUCT_BUNDLE_IDENTIFIER = com.Isometric.AssureTests;
				PRODUCT_NAME = "$(TARGET_NAME)";
				SWIFT_VERSION = 3.0;
				TEST_HOST = "$(BUILT_PRODUCTS_DIR)/Assure.app/Assure";
			};
			name = Debug;
		};
		BBC668231EABEBA100555263 /* Release */ = {
			isa = XCBuildConfiguration;
			baseConfigurationReference = 338E984B6417EBFAADAA88B1 /* Pods-AssureTests.release.xcconfig */;
			buildSettings = {
				ALWAYS_EMBED_SWIFT_STANDARD_LIBRARIES = YES;
				BUNDLE_LOADER = "$(TEST_HOST)";
				DEVELOPMENT_TEAM = R4DQ2L3FBV;
				INFOPLIST_FILE = AssureTests/Info.plist;
				LD_RUNPATH_SEARCH_PATHS = "$(inherited) @executable_path/Frameworks @loader_path/Frameworks";
				PRODUCT_BUNDLE_IDENTIFIER = com.Isometric.AssureTests;
				PRODUCT_NAME = "$(TARGET_NAME)";
				SWIFT_VERSION = 3.0;
				TEST_HOST = "$(BUILT_PRODUCTS_DIR)/Assure.app/Assure";
			};
			name = Release;
		};
		BBC668251EABEBA100555263 /* Debug */ = {
			isa = XCBuildConfiguration;
			baseConfigurationReference = 4EA7B788A3B5EDB51572E9AA /* Pods-AssureUITests.debug.xcconfig */;
			buildSettings = {
				ALWAYS_EMBED_SWIFT_STANDARD_LIBRARIES = YES;
				DEVELOPMENT_TEAM = R4DQ2L3FBV;
				INFOPLIST_FILE = AssureUITests/Info.plist;
				LD_RUNPATH_SEARCH_PATHS = "$(inherited) @executable_path/Frameworks @loader_path/Frameworks";
				PRODUCT_BUNDLE_IDENTIFIER = com.Isometric.AssureUITests;
				PRODUCT_NAME = "$(TARGET_NAME)";
				SWIFT_VERSION = 3.0;
				TEST_TARGET_NAME = Assure;
			};
			name = Debug;
		};
		BBC668261EABEBA100555263 /* Release */ = {
			isa = XCBuildConfiguration;
			baseConfigurationReference = 36078D60D7E054163578C68F /* Pods-AssureUITests.release.xcconfig */;
			buildSettings = {
				ALWAYS_EMBED_SWIFT_STANDARD_LIBRARIES = YES;
				DEVELOPMENT_TEAM = R4DQ2L3FBV;
				INFOPLIST_FILE = AssureUITests/Info.plist;
				LD_RUNPATH_SEARCH_PATHS = "$(inherited) @executable_path/Frameworks @loader_path/Frameworks";
				PRODUCT_BUNDLE_IDENTIFIER = com.Isometric.AssureUITests;
				PRODUCT_NAME = "$(TARGET_NAME)";
				SWIFT_VERSION = 3.0;
				TEST_TARGET_NAME = Assure;
			};
			name = Release;
		};
/* End XCBuildConfiguration section */

/* Begin XCConfigurationList section */
		BBC667F11EABEBA100555263 /* Build configuration list for PBXProject "Assure" */ = {
			isa = XCConfigurationList;
			buildConfigurations = (
				BBC6681C1EABEBA100555263 /* Debug */,
				BBC6681D1EABEBA100555263 /* Release */,
			);
			defaultConfigurationIsVisible = 0;
			defaultConfigurationName = Release;
		};
		BBC6681E1EABEBA100555263 /* Build configuration list for PBXNativeTarget "Assure" */ = {
			isa = XCConfigurationList;
			buildConfigurations = (
				BBC6681F1EABEBA100555263 /* Debug */,
				BBC668201EABEBA100555263 /* Release */,
			);
			defaultConfigurationIsVisible = 0;
			defaultConfigurationName = Release;
		};
		BBC668211EABEBA100555263 /* Build configuration list for PBXNativeTarget "AssureTests" */ = {
			isa = XCConfigurationList;
			buildConfigurations = (
				BBC668221EABEBA100555263 /* Debug */,
				BBC668231EABEBA100555263 /* Release */,
			);
			defaultConfigurationIsVisible = 0;
			defaultConfigurationName = Release;
		};
		BBC668241EABEBA100555263 /* Build configuration list for PBXNativeTarget "AssureUITests" */ = {
			isa = XCConfigurationList;
			buildConfigurations = (
				BBC668251EABEBA100555263 /* Debug */,
				BBC668261EABEBA100555263 /* Release */,
			);
			defaultConfigurationIsVisible = 0;
			defaultConfigurationName = Release;
		};
/* End XCConfigurationList section */
	};
	rootObject = BBC667EE1EABEBA100555263 /* Project object */;
}
